
Microsoft Visual Studio Solution File, Format Version 12.00
# Visual Studio Version 16
VisualStudioVersion = 25.0.1700.5
MinimumVisualStudioVersion = 10.0.40219.1
Project("{FAE04EC0-301F-11D3-BF4B-00C04F79EFBC}") = "bancoserver", "bancoserver.csproj", "{12366360-0F54-414A-A73D-7935C4C1E09A}"
EndProject
Project("{2150E333-8FDC-42A3-9474-1A3956D46DE8}") = "Solution Items", "Solution Items", "{F676ED1A-356A-4C70-BB71-1A78C05C921B}"
	ProjectSection(SolutionItems) = preProject
		..\docker-compose.yml = ..\docker-compose.yml
		readMe.md = readMe.md
		..\docker-compose.dbOnly.yml = ..\docker-compose.dbOnly.yml
	EndProjectSection
EndProject
Global
	GlobalSection(SolutionConfigurationPlatforms) = preSolution
		Debug|Any CPU = Debug|Any CPU
		Release|Any CPU = Release|Any CPU
	EndGlobalSection
	GlobalSection(ProjectConfigurationPlatforms) = postSolution
		{12366360-0F54-414A-A73D-7935C4C1E09A}.Debug|Any CPU.ActiveCfg = Debug|Any CPU
		{12366360-0F54-414A-A73D-7935C4C1E09A}.Debug|Any CPU.Build.0 = Debug|Any CPU
		{12366360-0F54-414A-A73D-7935C4C1E09A}.Release|Any CPU.ActiveCfg = Release|Any CPU
		{12366360-0F54-414A-A73D-7935C4C1E09A}.Release|Any CPU.Build.0 = Release|Any CPU
	EndGlobalSection
	GlobalSection(SolutionProperties) = preSolution
		HideSolutionNode = FALSE
	EndGlobalSection
	GlobalSection(ExtensibilityGlobals) = postSolution
		SolutionGuid = {90DA4404-91DB-4887-A9B1-C421E32CA719}
	EndGlobalSection
EndGlobal
